
Microsoft Visual Studio Solution File, Format Version 12.00
# Visual Studio Version 16
VisualStudioVersion = 16.0.31729.503
MinimumVisualStudioVersion = 10.0.40219.1
Project("{9A19103F-16F7-4668-BE54-9A1E7A4F7556}") = "SellerService", "SellerService\SellerService.csproj", "{E6549F0E-A86C-41DE-B34B-240AD9B1DB3D}"
EndProject
Project("{9A19103F-16F7-4668-BE54-9A1E7A4F7556}") = "BuyerService", "BuyerService\BuyerService.csproj", "{608A5AAF-E6D0-476F-86D2-AAA1753C4FEF}"
EndProject
Global
	GlobalSection(SolutionConfigurationPlatforms) = preSolution
		Debug|Any CPU = Debug|Any CPU
		Release|Any CPU = Release|Any CPU
	EndGlobalSection
	GlobalSection(ProjectConfigurationPlatforms) = postSolution
		{E6549F0E-A86C-41DE-B34B-240AD9B1DB3D}.Debug|Any CPU.ActiveCfg = Debug|Any CPU
		{E6549F0E-A86C-41DE-B34B-240AD9B1DB3D}.Debug|Any CPU.Build.0 = Debug|Any CPU
		{E6549F0E-A86C-41DE-B34B-240AD9B1DB3D}.Release|Any CPU.ActiveCfg = Release|Any CPU
		{E6549F0E-A86C-41DE-B34B-240AD9B1DB3D}.Release|Any CPU.Build.0 = Release|Any CPU
		{608A5AAF-E6D0-476F-86D2-AAA1753C4FEF}.Debug|Any CPU.ActiveCfg = Debug|Any CPU
		{608A5AAF-E6D0-476F-86D2-AAA1753C4FEF}.Debug|Any CPU.Build.0 = Debug|Any CPU
		{608A5AAF-E6D0-476F-86D2-AAA1753C4FEF}.Release|Any CPU.ActiveCfg = Release|Any CPU
		{608A5AAF-E6D0-476F-86D2-AAA1753C4FEF}.Release|Any CPU.Build.0 = Release|Any CPU
	EndGlobalSection
	GlobalSection(SolutionProperties) = preSolution
		HideSolutionNode = FALSE
	EndGlobalSection
	GlobalSection(ExtensibilityGlobals) = postSolution
		SolutionGuid = {C42B1FEC-0AEC-4F56-AD36-1C8E76DE78CD}
	EndGlobalSection
EndGlobal
